
Microsoft Visual Studio Solution File, Format Version 12.00
# Visual Studio Version 17
VisualStudioVersion = 17.12.35527.113
MinimumVisualStudioVersion = 10.0.40219.1
Project("{FAE04EC0-301F-11D3-BF4B-00C04F79EFBC}") = "OptionTreeView", "OptionTreeView\OptionTreeView.csproj", "{353CC872-23C9-4B8A-9774-7E5A489D1D5C}"
EndProject
Project("{FAE04EC0-301F-11D3-BF4B-00C04F79EFBC}") = "OptionTreeViewTestApp", "OptionTreeViewTestApp\OptionTreeViewTestApp.csproj", "{A9C5904A-0BDC-4DC0-A0FC-B8FE7D0D819D}"
	ProjectSection(ProjectDependencies) = postProject
		{353CC872-23C9-4B8A-9774-7E5A489D1D5C} = {353CC872-23C9-4B8A-9774-7E5A489D1D5C}
	EndProjectSection
EndProject
Project("{2150E333-8FDC-42A3-9474-1A3956D46DE8}") = "Solution Items", "Solution Items", "{475F6639-1C86-4400-A440-4272DE976C4A}"
	ProjectSection(SolutionItems) = preProject
		README.md = README.md
	EndProjectSection
EndProject
Global
	GlobalSection(SolutionConfigurationPlatforms) = preSolution
		Debug|Any CPU = Debug|Any CPU
		Release|Any CPU = Release|Any CPU
	EndGlobalSection
	GlobalSection(ProjectConfigurationPlatforms) = postSolution
		{353CC872-23C9-4B8A-9774-7E5A489D1D5C}.Debug|Any CPU.ActiveCfg = Debug|Any CPU
		{353CC872-23C9-4B8A-9774-7E5A489D1D5C}.Debug|Any CPU.Build.0 = Debug|Any CPU
		{353CC872-23C9-4B8A-9774-7E5A489D1D5C}.Release|Any CPU.ActiveCfg = Release|Any CPU
		{353CC872-23C9-4B8A-9774-7E5A489D1D5C}.Release|Any CPU.Build.0 = Release|Any CPU
		{A9C5904A-0BDC-4DC0-A0FC-B8FE7D0D819D}.Debug|Any CPU.ActiveCfg = Debug|Any CPU
		{A9C5904A-0BDC-4DC0-A0FC-B8FE7D0D819D}.Debug|Any CPU.Build.0 = Debug|Any CPU
		{A9C5904A-0BDC-4DC0-A0FC-B8FE7D0D819D}.Release|Any CPU.ActiveCfg = Release|Any CPU
		{A9C5904A-0BDC-4DC0-A0FC-B8FE7D0D819D}.Release|Any CPU.Build.0 = Release|Any CPU
	EndGlobalSection
	GlobalSection(SolutionProperties) = preSolution
		HideSolutionNode = FALSE
	EndGlobalSection
EndGlobal
